// !$*UTF8*$!
{
	archiveVersion = 1;
	classes = {
	};
	objectVersion = 46;
	objects = {
		42EC69CE02B48060A3124773 = {
			isa = PBXBuildFile;
			fileRef = D06A027ED50515EBD2160443;
		};
		1AB44EA486BE0A924D3F0928 = {
			isa = PBXBuildFile;
			fileRef = 41840FDDB6B0A25F5A0C0F80;
		};
		F53B223851DCCDE7DE8532A5 = {
			isa = PBXBuildFile;
			fileRef = 12164131E70BC1C2FE05DE6B;
		};
		DDB086227A3F3AD179C6D547 = {
			isa = PBXBuildFile;
			fileRef = 91236CB5FB486832AC4D4A24;
		};
		1739314C00BEF7CB921EFAEB = {
			isa = PBXBuildFile;
			fileRef = F2BE705FCE1B53C7257170DF;
		};
		70116EEE4760E9CFB3CE2E0A = {
			isa = PBXBuildFile;
			fileRef = 7D51479A8FE276B7D96AEA2B;
		};
		49E279729D7187FA65BF9187 = {
			isa = PBXBuildFile;
			fileRef = B9D4C1A35A0C456B917F9A46;
		};
		8F07C26EDEC9CEC43DF631AA = {
			isa = PBXBuildFile;
			fileRef = FD25358051B571C7730707E3;
		};
		EB16079970FF380FB27D3DC3 = {
			isa = PBXBuildFile;
			fileRef = 86F0436DE0598F1BB1FBE713;
		};
		BA57625727B8C90E110E9088 = {
			isa = PBXBuildFile;
			fileRef = 8A7191DAF5BD6A88D2857675;
		};
		E660D531539FC1E71861763A = {
			isa = PBXBuildFile;
			fileRef = 57FF3E6D4F7D675D239241F3;
		};
		A023ADA1718063877579B3BA = {
			isa = PBXBuildFile;
			fileRef = B41565E1D2ED4009AF2CEDAA;
		};
		E711164FD93388C7414FD838 = {
			isa = PBXBuildFile;
			fileRef = 2C4535AE07D9C96217322062;
		};
		237AD9CF4F3B8C4E300EFED6 = {
			isa = PBXBuildFile;
			fileRef = 7862437918A6BABAF847DE57;
		};
		BFD07970426BC9E74D23C87C = {
			isa = PBXBuildFile;
			fileRef = 675488A2C5CD3CE0B808B421;
		};
		DD877D8EAEF80602A5849FF5 = {
			isa = PBXBuildFile;
			fileRef = C20FE846D88BE32795EC5549;
		};
		1C75B1D10092F499E47F2CD1 = {
			isa = PBXBuildFile;
			fileRef = 32621705B5B6E88FA07BA43C;
		};
		EF7619EEDE01A9EF28B019E8 = {
			isa = PBXBuildFile;
			fileRef = 271A238C28A1295488AB9FD2;
		};
		7D4304D86F9E2BAF1D4EDDA9 = {
			isa = PBXBuildFile;
			fileRef = D463353CCEA11856E818B005;
		};
		ECC566B47AB7CFAF2536A369 = {
			isa = PBXBuildFile;
			fileRef = AFA09971ABEF0F4D8FED0363;
		};
		6E4EF48B4288F41B3F789B72 = {
			isa = PBXBuildFile;
			fileRef = DC05E276C466527D3DD5F4C6;
		};
		F8F3C4869091387262E7A622 = {
			isa = PBXBuildFile;
			fileRef = 4FE3804BBDA2A8BDA9AC4D59;
		};
		68D0A47EEA5C9FE372364F64 = {
			isa = PBXBuildFile;
			fileRef = 2F93F10BC95B21F5BAAD7CD1;
		};
		7ABE5D96303AC24160AE5044 = {
			isa = PBXBuildFile;
			fileRef = 7FBA4A8A668DCBE95C4CF36E;
		};
		0C977B449C1A3B3784F0AF34 = {
			isa = PBXBuildFile;
			fileRef = 144953CE4747E6075D04F875;
		};
		C41E88DE477AE6F423B910E7 = {
			isa = PBXBuildFile;
			fileRef = 31DB9CD49A65BF9F53AD7BE0;
		};
		D770B59F77426F4D530430A7 = {
			isa = PBXBuildFile;
			fileRef = 74F0869D43A23D7E013EF1BD;
		};
		37D4A08E86BDBC2511F51DE9 = {
			isa = PBXBuildFile;
			fileRef = 3013874C1389A436E96F25FC;
		};
		200E890029EAFB839F52B985 = {
			isa = PBXBuildFile;
			fileRef = 64EAE7ADC729CA90F0B6966D;
		};
		F227DC1E84B9CE5E3975870B = {
			isa = PBXBuildFile;
			fileRef = 165E068BB9BD66E93AC7BAD0;
		};
		88D24B44DEFEC7328A7E1F9B = {
			isa = PBXBuildFile;
			fileRef = 86CF9910E24256E5E376AAC0;
		};
		A38261E3740B22F08A570417 = {
			isa = PBXBuildFile;
			fileRef = D838CF5298F80D516CC5E681;
		};
		9E1584F442877B3BC9F68535 = {
			isa = PBXBuildFile;
			fileRef = 4384795E86375B96463ED49F;
		};
		9D53BA406D4AD9471089EAEE = {
			isa = PBXBuildFile;
			fileRef = D0F8A6579A342193DD6EAC7C;
		};
		BBA296AC4A5C1467E1C31810 = {
			isa = PBXBuildFile;
			fileRef = DDC08D1FC30FD0FE8F9258CF;
		};
		CB0A21AF36EE2918895EF577 = {
			isa = PBXBuildFile;
			fileRef = 8D4C2E2E36E6795FA91755BE;
		};
		A9C40729CAF6FCE26DD58941 = {
			isa = PBXBuildFile;
			fileRef = 89BFC2A7053E14A020BFE6E1;
		};
		EF985387B3E5F9F68165267A = {
			isa = PBXBuildFile;
			fileRef = 9B851EE54A9C19E496CD3754;
		};
		E56AD3248CC43032AA1C3CCC = {
			isa = PBXBuildFile;
			fileRef = E8D41858F997886B3AFE9A99;
		};
		C6762A0FBEE567ED1BD45E51 = {
			isa = PBXBuildFile;
			fileRef = 5F845A4FC39BF4526609D217;
		};
		048C10279CE3728B8BDE864F = {
			isa = PBXFileReference;
			lastKnownFileType = file;
			name = "juce_gui_extra";
			path = "/Applications/JUCE/modules/juce_gui_extra";
			sourceTree = "<absolute>";
		};
		05A49A73EC70B96534BA4925 = {
			isa = PBXFileReference;
			lastKnownFileType = sourcecode.c.h;
			name = JuceHeader.h;
			path = ../../JuceLibraryCode/JuceHeader.h;
			sourceTree = "SOURCE_ROOT";
		};
		271A238C28A1295488AB9FD2 = {
			isa = PBXFileReference;
			lastKnownFileType = file.nib;
			name = RecentFilesMenuTemplate.nib;
			path = RecentFilesMenuTemplate.nib;
			sourceTree = "SOURCE_ROOT";
		};
		2C4535AE07D9C96217322062 = {
			isa = PBXFileReference;
			lastKnownFileType = wrapper.framework;
			name = DiscRecording.framework;
			path = System/Library/Frameworks/DiscRecording.framework;
			sourceTree = SDKROOT;
		};
		2F93F10BC95B21F5BAAD7CD1 = {
			isa = PBXFileReference;
			lastKnownFileType = sourcecode.cpp.objcpp;
			name = "include_juce_audio_formats.mm";
			path = "../../JuceLibraryCode/include_juce_audio_formats.mm";
			sourceTree = "SOURCE_ROOT";
		};
		32621705B5B6E88FA07BA43C = {
			isa = PBXFileReference;
			lastKnownFileType = wrapper.framework;
			name = WebKit.framework;
			path = System/Library/Frameworks/WebKit.framework;
			sourceTree = SDKROOT;
		};
		3AF4D834F5BA79A5C3888C19 = {
			isa = PBXFileReference;
			lastKnownFileType = file;
			name = "juce_audio_basics";
			path = "/Applications/JUCE/modules/juce_audio_basics";
			sourceTree = "<absolute>";
		};
		44C45D927AFE86626DB0CEC3 = {
			isa = PBXFileReference;
			lastKnownFileType = file;
			name = "juce_opengl";
			path = "/Applications/JUCE/modules/juce_opengl";
			sourceTree = "<absolute>";
		};
		4FE3804BBDA2A8BDA9AC4D59 = {
			isa = PBXFileReference;
			lastKnownFileType = sourcecode.cpp.objcpp;
			name = "include_juce_audio_devices.mm";
			path = "../../JuceLibraryCode/include_juce_audio_devices.mm";
			sourceTree = "SOURCE_ROOT";
		};
		59C6E4A869038815351240A1 = {
			isa = PBXFileReference;
			lastKnownFileType = file;
			name = "juce_audio_utils";
			path = "/Applications/JUCE/modules/juce_audio_utils";
			sourceTree = "<absolute>";
		};
		D06A027ED50515EBD2160443 = {
			isa = PBXFileReference;
			explicitFileType = wrapper.cfbundle;
			includeInIndex = 0;
			path = daFlange.vst3;
			sourceTree = "BUILT_PRODUCTS_DIR";
		};
		41840FDDB6B0A25F5A0C0F80 = {
			isa = PBXFileReference;
			explicitFileType = wrapper.cfbundle;
			includeInIndex = 0;
			path = daFlange.component;
			sourceTree = "BUILT_PRODUCTS_DIR";
		};
		12164131E70BC1C2FE05DE6B = {
			isa = PBXFileReference;
			explicitFileType = wrapper.application;
			includeInIndex = 0;
			path = daFlange.app;
			sourceTree = "BUILT_PRODUCTS_DIR";
		};
		144953CE4747E6075D04F875 = {
			isa = PBXFileReference;
			lastKnownFileType = sourcecode.cpp.objcpp;
			name = "include_juce_audio_plugin_client_AU_1.mm";
			path = "../../JuceLibraryCode/include_juce_audio_plugin_client_AU_1.mm";
			sourceTree = "SOURCE_ROOT";
		};
		165E068BB9BD66E93AC7BAD0 = {
			isa = PBXFileReference;
			lastKnownFileType = sourcecode.cpp.cpp;
			name = "include_juce_audio_plugin_client_VST3.cpp";
			path = "../../JuceLibraryCode/include_juce_audio_plugin_client_VST3.cpp";
			sourceTree = "SOURCE_ROOT";
		};
		3013874C1389A436E96F25FC = {
			isa = PBXFileReference;
			lastKnownFileType = sourcecode.cpp.cpp;
			name = "include_juce_audio_plugin_client_utils.cpp";
			path = "../../JuceLibraryCode/include_juce_audio_plugin_client_utils.cpp";
			sourceTree = "SOURCE_ROOT";
		};
		31DB9CD49A65BF9F53AD7BE0 = {
			isa = PBXFileReference;
			lastKnownFileType = sourcecode.cpp.objcpp;
			name = "include_juce_audio_plugin_client_AU_2.mm";
			path = "../../JuceLibraryCode/include_juce_audio_plugin_client_AU_2.mm";
			sourceTree = "SOURCE_ROOT";
		};
		4384795E86375B96463ED49F = {
			isa = PBXFileReference;
			lastKnownFileType = sourcecode.cpp.objcpp;
			name = "include_juce_core.mm";
			path = "../../JuceLibraryCode/include_juce_core.mm";
			sourceTree = "SOURCE_ROOT";
		};
		57FF3E6D4F7D675D239241F3 = {
			isa = PBXFileReference;
			lastKnownFileType = wrapper.framework;
			name = CoreAudioKit.framework;
			path = System/Library/Frameworks/CoreAudioKit.framework;
			sourceTree = SDKROOT;
		};
		5F845A4FC39BF4526609D217 = {
			isa = PBXFileReference;
			lastKnownFileType = sourcecode.cpp.objcpp;
			name = "include_juce_opengl.mm";
			path = "../../JuceLibraryCode/include_juce_opengl.mm";
			sourceTree = "SOURCE_ROOT";
		};
		64EAE7ADC729CA90F0B6966D = {
			isa = PBXFileReference;
			lastKnownFileType = sourcecode.cpp.objcpp;
			name = "include_juce_audio_plugin_client_VST_utils.mm";
			path = "../../JuceLibraryCode/include_juce_audio_plugin_client_VST_utils.mm";
			sourceTree = "SOURCE_ROOT";
		};
		675488A2C5CD3CE0B808B421 = {
			isa = PBXFileReference;
			lastKnownFileType = wrapper.framework;
			name = OpenGL.framework;
			path = System/Library/Frameworks/OpenGL.framework;
			sourceTree = SDKROOT;
		};
		74F0869D43A23D7E013EF1BD = {
			isa = PBXFileReference;
			lastKnownFileType = sourcecode.cpp.cpp;
			name = "include_juce_audio_plugin_client_Standalone.cpp";
			path = "../../JuceLibraryCode/include_juce_audio_plugin_client_Standalone.cpp";
			sourceTree = "SOURCE_ROOT";
		};
		75DE68E0283CC1895895675F = {
			isa = PBXFileReference;
			lastKnownFileType = file;
			name = "juce_data_structures";
			path = "/Applications/JUCE/modules/juce_data_structures";
			sourceTree = "<absolute>";
		};
		7862437918A6BABAF847DE57 = {
			isa = PBXFileReference;
			lastKnownFileType = wrapper.framework;
			name = IOKit.framework;
			path = System/Library/Frameworks/IOKit.framework;
			sourceTree = SDKROOT;
		};
		7D51479A8FE276B7D96AEA2B = {
			isa = PBXFileReference;
			lastKnownFileType = wrapper.framework;
			name = AudioToolbox.framework;
			path = System/Library/Frameworks/AudioToolbox.framework;
			sourceTree = SDKROOT;
		};
		7FBA4A8A668DCBE95C4CF36E = {
			isa = PBXFileReference;
			lastKnownFileType = file.r;
			name = "include_juce_audio_plugin_client_AU.r";
			path = "../../JuceLibraryCode/include_juce_audio_plugin_client_AU.r";
			sourceTree = "SOURCE_ROOT";
		};
		86CF9910E24256E5E376AAC0 = {
			isa = PBXFileReference;
			lastKnownFileType = sourcecode.cpp.objcpp;
			name = "include_juce_audio_processors.mm";
			path = "../../JuceLibraryCode/include_juce_audio_processors.mm";
			sourceTree = "SOURCE_ROOT";
		};
		86F0436DE0598F1BB1FBE713 = {
			isa = PBXFileReference;
			lastKnownFileType = wrapper.framework;
			name = Cocoa.framework;
			path = System/Library/Frameworks/Cocoa.framework;
			sourceTree = SDKROOT;
		};
		887EF46A4EF16F51BAD971BC = {
			isa = PBXFileReference;
			lastKnownFileType = file;
			name = "juce_cryptography";
			path = "/Applications/JUCE/modules/juce_cryptography";
			sourceTree = "<absolute>";
		};
		89BFC2A7053E14A020BFE6E1 = {
			isa = PBXFileReference;
			lastKnownFileType = sourcecode.cpp.objcpp;
			name = "include_juce_graphics.mm";
			path = "../../JuceLibraryCode/include_juce_graphics.mm";
			sourceTree = "SOURCE_ROOT";
		};
		8A7191DAF5BD6A88D2857675 = {
			isa = PBXFileReference;
			lastKnownFileType = wrapper.framework;
			name = CoreAudio.framework;
			path = System/Library/Frameworks/CoreAudio.framework;
			sourceTree = SDKROOT;
		};
		8D4C2E2E36E6795FA91755BE = {
			isa = PBXFileReference;
			lastKnownFileType = sourcecode.cpp.objcpp;
			name = "include_juce_events.mm";
			path = "../../JuceLibraryCode/include_juce_events.mm";
			sourceTree = "SOURCE_ROOT";
		};
		91236CB5FB486832AC4D4A24 = {
			isa = PBXFileReference;
			explicitFileType = archive.ar;
			includeInIndex = 0;
			path = libdaFlange.a;
			sourceTree = "BUILT_PRODUCTS_DIR";
		};
		96B1D337EF5FE48EEF8F2B16 = {
			isa = PBXFileReference;
			lastKnownFileType = file;
			name = "juce_graphics";
			path = "/Applications/JUCE/modules/juce_graphics";
			sourceTree = "<absolute>";
		};
		9B851EE54A9C19E496CD3754 = {
			isa = PBXFileReference;
			lastKnownFileType = sourcecode.cpp.objcpp;
			name = "include_juce_gui_basics.mm";
			path = "../../JuceLibraryCode/include_juce_gui_basics.mm";
			sourceTree = "SOURCE_ROOT";
		};
		9C0A367F6CAAB281D85365D2 = {
			isa = PBXFileReference;
			lastKnownFileType = sourcecode.c.h;
			name = CircularBuffer.h;
			path = ../../Source/CircularBuffer.h;
			sourceTree = "SOURCE_ROOT";
		};
		AEE5D0C0F7FA61332D5FB26B = {
			isa = PBXFileReference;
			lastKnownFileType = text.plist.xml;
			name = "Info-AU.plist";
			path = "Info-AU.plist";
			sourceTree = "SOURCE_ROOT";
		};
		AFA09971ABEF0F4D8FED0363 = {
			isa = PBXFileReference;
			lastKnownFileType = sourcecode.cpp.cpp;
			name = PluginEditor.cpp;
			path = ../../Source/PluginEditor.cpp;
			sourceTree = "SOURCE_ROOT";
		};
		B41565E1D2ED4009AF2CEDAA = {
			isa = PBXFileReference;
			lastKnownFileType = wrapper.framework;
			name = CoreMIDI.framework;
			path = System/Library/Frameworks/CoreMIDI.framework;
			sourceTree = SDKROOT;
		};
		B9D4C1A35A0C456B917F9A46 = {
			isa = PBXFileReference;
			lastKnownFileType = wrapper.framework;
			name = AudioUnit.framework;
			path = System/Library/Frameworks/AudioUnit.framework;
			sourceTree = SDKROOT;
		};
		BACA5FD74F75136E487556D1 = {
			isa = PBXFileReference;
			lastKnownFileType = file;
			name = "juce_audio_devices";
			path = "/Applications/JUCE/modules/juce_audio_devices";
			sourceTree = "<absolute>";
		};
		C112D8D4A735E7C048367741 = {
			isa = PBXFileReference;
			lastKnownFileType = file;
			name = "juce_audio_plugin_client";
			path = "/Applications/JUCE/modules/juce_audio_plugin_client";
			sourceTree = "<absolute>";
		};
		C20FE846D88BE32795EC5549 = {
			isa = PBXFileReference;
			lastKnownFileType = wrapper.framework;
			name = QuartzCore.framework;
			path = System/Library/Frameworks/QuartzCore.framework;
			sourceTree = SDKROOT;
		};
		C395BB7A62BE09B20EC971E6 = {
			isa = PBXFileReference;
			lastKnownFileType = file;
			name = "juce_gui_basics";
			path = "/Applications/JUCE/modules/juce_gui_basics";
			sourceTree = "<absolute>";
		};
		D0F8A6579A342193DD6EAC7C = {
			isa = PBXFileReference;
			lastKnownFileType = sourcecode.cpp.objcpp;
			name = "include_juce_cryptography.mm";
			path = "../../JuceLibraryCode/include_juce_cryptography.mm";
			sourceTree = "SOURCE_ROOT";
		};
		D297087715987BE39FB9F7C7 = {
			isa = PBXFileReference;
			lastKnownFileType = file;
			name = "juce_core";
			path = "/Applications/JUCE/modules/juce_core";
			sourceTree = "<absolute>";
		};
		D38D80A129A3275A19D24E0C = {
			isa = PBXFileReference;
			lastKnownFileType = file;
			name = "juce_audio_formats";
			path = "/Applications/JUCE/modules/juce_audio_formats";
			sourceTree = "<absolute>";
		};
		D463353CCEA11856E818B005 = {
			isa = PBXFileReference;
			lastKnownFileType = sourcecode.cpp.cpp;
			name = PluginProcessor.cpp;
			path = ../../Source/PluginProcessor.cpp;
			sourceTree = "SOURCE_ROOT";
		};
		D5CE215D5AC1443EBA424384 = {
			isa = PBXFileReference;
			lastKnownFileType = sourcecode.c.h;
			name = PluginEditor.h;
			path = ../../Source/PluginEditor.h;
			sourceTree = "SOURCE_ROOT";
		};
		D838CF5298F80D516CC5E681 = {
			isa = PBXFileReference;
			lastKnownFileType = sourcecode.cpp.objcpp;
			name = "include_juce_audio_utils.mm";
			path = "../../JuceLibraryCode/include_juce_audio_utils.mm";
			sourceTree = "SOURCE_ROOT";
		};
		DC05E276C466527D3DD5F4C6 = {
			isa = PBXFileReference;
			lastKnownFileType = sourcecode.cpp.objcpp;
			name = "include_juce_audio_basics.mm";
			path = "../../JuceLibraryCode/include_juce_audio_basics.mm";
			sourceTree = "SOURCE_ROOT";
		};
		DC9C38766B6CBEE2B0E4E9DB = {
			isa = PBXFileReference;
			lastKnownFileType = sourcecode.c.h;
			name = AppConfig.h;
			path = ../../JuceLibraryCode/AppConfig.h;
			sourceTree = "SOURCE_ROOT";
		};
		DCC111BE4EFB73BF0D538DEF = {
			isa = PBXFileReference;
			lastKnownFileType = text.plist.xml;
			name = daFlange.entitlements;
			path = daFlange.entitlements;
			sourceTree = "SOURCE_ROOT";
		};
		DDC08D1FC30FD0FE8F9258CF = {
			isa = PBXFileReference;
			lastKnownFileType = sourcecode.cpp.objcpp;
			name = "include_juce_data_structures.mm";
			path = "../../JuceLibraryCode/include_juce_data_structures.mm";
			sourceTree = "SOURCE_ROOT";
		};
		DE14A193B1B945D5D25F2532 = {
			isa = PBXFileReference;
			lastKnownFileType = file;
			name = "juce_events";
			path = "/Applications/JUCE/modules/juce_events";
			sourceTree = "<absolute>";
		};
		E2BB2B8ABAD5C0443FEB5764 = {
			isa = PBXFileReference;
			lastKnownFileType = sourcecode.c.h;
			name = PluginProcessor.h;
			path = ../../Source/PluginProcessor.h;
			sourceTree = "SOURCE_ROOT";
		};
		E7BC2222CDCBB83C5FED8282 = {
			isa = PBXFileReference;
			lastKnownFileType = file;
			name = "juce_audio_processors";
			path = "/Applications/JUCE/modules/juce_audio_processors";
			sourceTree = "<absolute>";
		};
		E8D41858F997886B3AFE9A99 = {
			isa = PBXFileReference;
			lastKnownFileType = sourcecode.cpp.objcpp;
			name = "include_juce_gui_extra.mm";
			path = "../../JuceLibraryCode/include_juce_gui_extra.mm";
			sourceTree = "SOURCE_ROOT";
		};
		E9A4179F1F504B6C53C43ADF = {
			isa = PBXFileReference;
			lastKnownFileType = text.plist.xml;
			name = "Info-VST3.plist";
			path = "Info-VST3.plist";
			sourceTree = "SOURCE_ROOT";
		};
		EC558D8C66F97D217A0AE820 = {
			isa = PBXFileReference;
			lastKnownFileType = text.plist.xml;
			name = "Info-Standalone_Plugin.plist";
			path = "Info-Standalone_Plugin.plist";
			sourceTree = "SOURCE_ROOT";
		};
		F2BE705FCE1B53C7257170DF = {
			isa = PBXFileReference;
			lastKnownFileType = wrapper.framework;
			name = Accelerate.framework;
			path = System/Library/Frameworks/Accelerate.framework;
			sourceTree = SDKROOT;
		};
		FD25358051B571C7730707E3 = {
			isa = PBXFileReference;
			lastKnownFileType = wrapper.framework;
			name = Carbon.framework;
			path = System/Library/Frameworks/Carbon.framework;
			sourceTree = SDKROOT;
		};
		E5F1E5DA386E4B8C5DC719F6 = {
			isa = PBXGroup;
			children = (
				9C0A367F6CAAB281D85365D2,
				D463353CCEA11856E818B005,
				E2BB2B8ABAD5C0443FEB5764,
				AFA09971ABEF0F4D8FED0363,
				D5CE215D5AC1443EBA424384,
			);
			name = Source;
			sourceTree = "<group>";
		};
		226C6F6C0D51B8F1929EBD1B = {
			isa = PBXGroup;
			children = (
				E5F1E5DA386E4B8C5DC719F6,
			);
			name = daFlange;
			sourceTree = "<group>";
		};
		94B0F07E12A069EC8E76F14F = {
			isa = PBXGroup;
			children = (
				3AF4D834F5BA79A5C3888C19,
				BACA5FD74F75136E487556D1,
				D38D80A129A3275A19D24E0C,
				C112D8D4A735E7C048367741,
				E7BC2222CDCBB83C5FED8282,
				59C6E4A869038815351240A1,
				D297087715987BE39FB9F7C7,
				887EF46A4EF16F51BAD971BC,
				75DE68E0283CC1895895675F,
				DE14A193B1B945D5D25F2532,
				96B1D337EF5FE48EEF8F2B16,
				C395BB7A62BE09B20EC971E6,
				048C10279CE3728B8BDE864F,
				44C45D927AFE86626DB0CEC3,
			);
			name = "JUCE Modules";
			sourceTree = "<group>";
		};
		37F061A1A56EF659133670CB = {
			isa = PBXGroup;
			children = (
				DC9C38766B6CBEE2B0E4E9DB,
				DC05E276C466527D3DD5F4C6,
				4FE3804BBDA2A8BDA9AC4D59,
				2F93F10BC95B21F5BAAD7CD1,
				7FBA4A8A668DCBE95C4CF36E,
				144953CE4747E6075D04F875,
				31DB9CD49A65BF9F53AD7BE0,
				74F0869D43A23D7E013EF1BD,
				3013874C1389A436E96F25FC,
				64EAE7ADC729CA90F0B6966D,
				165E068BB9BD66E93AC7BAD0,
				86CF9910E24256E5E376AAC0,
				D838CF5298F80D516CC5E681,
				4384795E86375B96463ED49F,
				D0F8A6579A342193DD6EAC7C,
				DDC08D1FC30FD0FE8F9258CF,
				8D4C2E2E36E6795FA91755BE,
				89BFC2A7053E14A020BFE6E1,
				9B851EE54A9C19E496CD3754,
				E8D41858F997886B3AFE9A99,
				5F845A4FC39BF4526609D217,
				05A49A73EC70B96534BA4925,
			);
			name = "JUCE Library Code";
			sourceTree = "<group>";
		};
		8862C4616B423934896FB7B9 = {
			isa = PBXGroup;
			children = (
				E9A4179F1F504B6C53C43ADF,
				AEE5D0C0F7FA61332D5FB26B,
				EC558D8C66F97D217A0AE820,
				271A238C28A1295488AB9FD2,
			);
			name = Resources;
			sourceTree = "<group>";
		};
		63CFA759E7C088D5B0045C66 = {
			isa = PBXGroup;
			children = (
				F2BE705FCE1B53C7257170DF,
				7D51479A8FE276B7D96AEA2B,
				B9D4C1A35A0C456B917F9A46,
				FD25358051B571C7730707E3,
				86F0436DE0598F1BB1FBE713,
				8A7191DAF5BD6A88D2857675,
				57FF3E6D4F7D675D239241F3,
				B41565E1D2ED4009AF2CEDAA,
				2C4535AE07D9C96217322062,
				7862437918A6BABAF847DE57,
				675488A2C5CD3CE0B808B421,
				C20FE846D88BE32795EC5549,
				32621705B5B6E88FA07BA43C,
			);
			name = Frameworks;
			sourceTree = "<group>";
		};
		415416BBF4A1013CC8B18A4C = {
			isa = PBXGroup;
			children = (
				D06A027ED50515EBD2160443,
				41840FDDB6B0A25F5A0C0F80,
				12164131E70BC1C2FE05DE6B,
				91236CB5FB486832AC4D4A24,
			);
			name = Products;
			sourceTree = "<group>";
		};
		288464BE41163E631AFC2858 = {
			isa = PBXGroup;
			children = (
				DCC111BE4EFB73BF0D538DEF,
				226C6F6C0D51B8F1929EBD1B,
				94B0F07E12A069EC8E76F14F,
				37F061A1A56EF659133670CB,
				8862C4616B423934896FB7B9,
				63CFA759E7C088D5B0045C66,
				415416BBF4A1013CC8B18A4C,
			);
			name = Source;
			sourceTree = "<group>";
		};
		7F473CB9E9BFEB11C9FB8B6F = {
			isa = XCBuildConfiguration;
			buildSettings = {
				MACOSX_DEPLOYMENT_TARGET = 10.11;
			};
			name = Debug;
		};
		2463BF7A67C967004DCAEC83 = {
			isa = XCBuildConfiguration;
			buildSettings = {
				MACOSX_DEPLOYMENT_TARGET = 10.11;
			};
			name = Release;
		};
		5D09C57E68AE09BACE8F5F98 = {
			isa = XCBuildConfiguration;
			buildSettings = {
				CLANG_CXX_LANGUAGE_STANDARD = "c++14";
				CLANG_CXX_LIBRARY = "libc++";
				CLANG_LINK_OBJC_RUNTIME = NO;
				COMBINE_HIDPI_IMAGES = YES;
				CONFIGURATION_BUILD_DIR = "$(PROJECT_DIR)/build/$(CONFIGURATION)";
				COPY_PHASE_STRIP = NO;
				DEPLOYMENT_LOCATION = YES;
				DSTROOT = /;
				GCC_DYNAMIC_NO_PIC = NO;
				GCC_OPTIMIZATION_LEVEL = 0;
				GCC_PREPROCESSOR_DEFINITIONS = (
					"_DEBUG=1",
					"DEBUG=1",
					"JUCER_XCODE_MAC_F6D2F4CF=1",
					"JUCE_APP_VERSION=1.0.0",
					"JUCE_APP_VERSION_HEX=0x10000",
					"JucePlugin_Build_VST=0",
					"JucePlugin_Build_VST3=1",
					"JucePlugin_Build_AU=0",
					"JucePlugin_Build_AUv3=0",
					"JucePlugin_Build_RTAS=0",
					"JucePlugin_Build_AAX=0",
					"JucePlugin_Build_Standalone=0",
					"JucePlugin_Build_Unity=0",
				);
				GCC_VERSION = com.apple.compilers.llvm.clang.1_0;
				GENERATE_PKGINFO_FILE = YES;
				HEADER_SEARCH_PATHS = (
					"/Applications/JUCE/modules/juce_audio_processors/format_types/VST3_SDK",
					"../../JuceLibraryCode",
					"/Applications/JUCE/modules",
					"/Applications/JUCE/modules/juce_audio_plugin_client",
					"$(inherited)",
				);
				INFOPLIST_FILE = Info-VST3.plist;
				INFOPLIST_PREPROCESS = NO;
				INSTALL_PATH = "$(HOME)/Library/Audio/Plug-Ins/VST3/";
				LIBRARY_STYLE = Bundle;
				MACOSX_DEPLOYMENT_TARGET = 10.11;
				OTHER_LDFLAGS = "-bundle -ldaFlange";
				PRODUCT_BUNDLE_IDENTIFIER = com.wtfAudio.daFlange;
				PRODUCT_NAME = "daFlange";
				USE_HEADERMAP = NO;
				WRAPPER_EXTENSION = vst3;
			};
			name = Debug;
		};
		81E513B99618749A3AFA3A8C = {
			isa = XCBuildConfiguration;
			buildSettings = {
				CLANG_CXX_LANGUAGE_STANDARD = "c++14";
				CLANG_CXX_LIBRARY = "libc++";
				CLANG_LINK_OBJC_RUNTIME = NO;
				COMBINE_HIDPI_IMAGES = YES;
				CONFIGURATION_BUILD_DIR = "$(PROJECT_DIR)/build/$(CONFIGURATION)";
				DEAD_CODE_STRIPPING = YES;
				DEPLOYMENT_LOCATION = YES;
				DSTROOT = /;
				GCC_GENERATE_DEBUGGING_SYMBOLS = NO;
				GCC_OPTIMIZATION_LEVEL = 3;
				GCC_PREPROCESSOR_DEFINITIONS = (
					"_NDEBUG=1",
					"NDEBUG=1",
					"JUCER_XCODE_MAC_F6D2F4CF=1",
					"JUCE_APP_VERSION=1.0.0",
					"JUCE_APP_VERSION_HEX=0x10000",
					"JucePlugin_Build_VST=0",
					"JucePlugin_Build_VST3=1",
					"JucePlugin_Build_AU=0",
					"JucePlugin_Build_AUv3=0",
					"JucePlugin_Build_RTAS=0",
					"JucePlugin_Build_AAX=0",
					"JucePlugin_Build_Standalone=0",
					"JucePlugin_Build_Unity=0",
				);
				GCC_SYMBOLS_PRIVATE_EXTERN = YES;
				GCC_VERSION = com.apple.compilers.llvm.clang.1_0;
				GENERATE_PKGINFO_FILE = YES;
				HEADER_SEARCH_PATHS = (
					"/Applications/JUCE/modules/juce_audio_processors/format_types/VST3_SDK",
					"../../JuceLibraryCode",
					"/Applications/JUCE/modules",
					"/Applications/JUCE/modules/juce_audio_plugin_client",
					"$(inherited)",
				);
				INFOPLIST_FILE = Info-VST3.plist;
				INFOPLIST_PREPROCESS = NO;
				INSTALL_PATH = "$(HOME)/Library/Audio/Plug-Ins/VST3/";
				LIBRARY_STYLE = Bundle;
				LLVM_LTO = YES;
				MACOSX_DEPLOYMENT_TARGET = 10.11;
				OTHER_LDFLAGS = "-bundle -ldaFlange";
				PRODUCT_BUNDLE_IDENTIFIER = com.wtfAudio.daFlange;
				PRODUCT_NAME = "daFlange";
				USE_HEADERMAP = NO;
				WRAPPER_EXTENSION = vst3;
			};
			name = Release;
		};
		7B905726F093BF75B02D6F48 = {
			isa = XCBuildConfiguration;
			buildSettings = {
				CLANG_CXX_LANGUAGE_STANDARD = "c++14";
				CLANG_CXX_LIBRARY = "libc++";
				CLANG_LINK_OBJC_RUNTIME = NO;
				COMBINE_HIDPI_IMAGES = YES;
				CONFIGURATION_BUILD_DIR = "$(PROJECT_DIR)/build/$(CONFIGURATION)";
				COPY_PHASE_STRIP = NO;
				DEPLOYMENT_LOCATION = YES;
				DSTROOT = /;
				GCC_DYNAMIC_NO_PIC = NO;
				GCC_OPTIMIZATION_LEVEL = 0;
				GCC_PREPROCESSOR_DEFINITIONS = (
					"_DEBUG=1",
					"DEBUG=1",
					"JUCER_XCODE_MAC_F6D2F4CF=1",
					"JUCE_APP_VERSION=1.0.0",
					"JUCE_APP_VERSION_HEX=0x10000",
					"JucePlugin_Build_VST=0",
					"JucePlugin_Build_VST3=0",
					"JucePlugin_Build_AU=1",
					"JucePlugin_Build_AUv3=0",
					"JucePlugin_Build_RTAS=0",
					"JucePlugin_Build_AAX=0",
					"JucePlugin_Build_Standalone=0",
					"JucePlugin_Build_Unity=0",
				);
				GCC_VERSION = com.apple.compilers.llvm.clang.1_0;
				GENERATE_PKGINFO_FILE = YES;
				HEADER_SEARCH_PATHS = (
					"/Applications/JUCE/modules/juce_audio_processors/format_types/VST3_SDK",
					"../../JuceLibraryCode",
					"/Applications/JUCE/modules",
					"/Applications/JUCE/modules/juce_audio_plugin_client",
					"$(inherited)",
				);
				INFOPLIST_FILE = Info-AU.plist;
				INFOPLIST_PREPROCESS = NO;
				INSTALL_PATH = "$(HOME)/Library/Audio/Plug-Ins/Components/";
				LIBRARY_STYLE = Bundle;
				MACOSX_DEPLOYMENT_TARGET = 10.11;
				OTHER_LDFLAGS = "-bundle -ldaFlange";
				OTHER_REZFLAGS = "-d ppc_$ppc -d i386_$i386 -d ppc64_$ppc64 -d x86_64_$x86_64 -I /System/Library/Frameworks/CoreServices.framework/Frameworks/CarbonCore.framework/Versions/A/Headers -I \"$(DEVELOPER_DIR)/Extras/CoreAudio/AudioUnits/AUPublic/AUBase\"";
				PRODUCT_BUNDLE_IDENTIFIER = com.wtfAudio.daFlange;
				PRODUCT_NAME = "daFlange";
				USE_HEADERMAP = NO;
				WRAPPER_EXTENSION = component;
			};
			name = Debug;
		};
		6610A60BF75415408AD6410E = {
			isa = XCBuildConfiguration;
			buildSettings = {
				CLANG_CXX_LANGUAGE_STANDARD = "c++14";
				CLANG_CXX_LIBRARY = "libc++";
				CLANG_LINK_OBJC_RUNTIME = NO;
				COMBINE_HIDPI_IMAGES = YES;
				CONFIGURATION_BUILD_DIR = "$(PROJECT_DIR)/build/$(CONFIGURATION)";
				DEAD_CODE_STRIPPING = YES;
				DEPLOYMENT_LOCATION = YES;
				DSTROOT = /;
				GCC_GENERATE_DEBUGGING_SYMBOLS = NO;
				GCC_OPTIMIZATION_LEVEL = 3;
				GCC_PREPROCESSOR_DEFINITIONS = (
					"_NDEBUG=1",
					"NDEBUG=1",
					"JUCER_XCODE_MAC_F6D2F4CF=1",
					"JUCE_APP_VERSION=1.0.0",
					"JUCE_APP_VERSION_HEX=0x10000",
					"JucePlugin_Build_VST=0",
					"JucePlugin_Build_VST3=0",
					"JucePlugin_Build_AU=1",
					"JucePlugin_Build_AUv3=0",
					"JucePlugin_Build_RTAS=0",
					"JucePlugin_Build_AAX=0",
					"JucePlugin_Build_Standalone=0",
					"JucePlugin_Build_Unity=0",
				);
				GCC_SYMBOLS_PRIVATE_EXTERN = YES;
				GCC_VERSION = com.apple.compilers.llvm.clang.1_0;
				GENERATE_PKGINFO_FILE = YES;
				HEADER_SEARCH_PATHS = (
					"/Applications/JUCE/modules/juce_audio_processors/format_types/VST3_SDK",
					"../../JuceLibraryCode",
					"/Applications/JUCE/modules",
					"/Applications/JUCE/modules/juce_audio_plugin_client",
					"$(inherited)",
				);
				INFOPLIST_FILE = Info-AU.plist;
				INFOPLIST_PREPROCESS = NO;
				INSTALL_PATH = "$(HOME)/Library/Audio/Plug-Ins/Components/";
				LIBRARY_STYLE = Bundle;
				LLVM_LTO = YES;
				MACOSX_DEPLOYMENT_TARGET = 10.11;
				OTHER_LDFLAGS = "-bundle -ldaFlange";
				OTHER_REZFLAGS = "-d ppc_$ppc -d i386_$i386 -d ppc64_$ppc64 -d x86_64_$x86_64 -I /System/Library/Frameworks/CoreServices.framework/Frameworks/CarbonCore.framework/Versions/A/Headers -I \"$(DEVELOPER_DIR)/Extras/CoreAudio/AudioUnits/AUPublic/AUBase\"";
				PRODUCT_BUNDLE_IDENTIFIER = com.wtfAudio.daFlange;
				PRODUCT_NAME = "daFlange";
				USE_HEADERMAP = NO;
				WRAPPER_EXTENSION = component;
			};
			name = Release;
		};
		68F9AD1C27E63DA24F6B98F8 = {
			isa = XCBuildConfiguration;
			buildSettings = {
				CLANG_CXX_LANGUAGE_STANDARD = "c++14";
				CLANG_CXX_LIBRARY = "libc++";
				CLANG_LINK_OBJC_RUNTIME = NO;
				COMBINE_HIDPI_IMAGES = YES;
				CONFIGURATION_BUILD_DIR = "$(PROJECT_DIR)/build/$(CONFIGURATION)";
				COPY_PHASE_STRIP = NO;
				GCC_DYNAMIC_NO_PIC = NO;
				GCC_OPTIMIZATION_LEVEL = 0;
				GCC_PREPROCESSOR_DEFINITIONS = (
					"_DEBUG=1",
					"DEBUG=1",
					"JUCER_XCODE_MAC_F6D2F4CF=1",
					"JUCE_APP_VERSION=1.0.0",
					"JUCE_APP_VERSION_HEX=0x10000",
					"JucePlugin_Build_VST=0",
					"JucePlugin_Build_VST3=0",
					"JucePlugin_Build_AU=0",
					"JucePlugin_Build_AUv3=0",
					"JucePlugin_Build_RTAS=0",
					"JucePlugin_Build_AAX=0",
					"JucePlugin_Build_Standalone=1",
					"JucePlugin_Build_Unity=0",
				);
				GCC_VERSION = com.apple.compilers.llvm.clang.1_0;
				HEADER_SEARCH_PATHS = (
					"/Applications/JUCE/modules/juce_audio_processors/format_types/VST3_SDK",
					"../../JuceLibraryCode",
					"/Applications/JUCE/modules",
					"/Applications/JUCE/modules/juce_audio_plugin_client",
					"$(inherited)",
				);
				INFOPLIST_FILE = Info-Standalone_Plugin.plist;
				INFOPLIST_PREPROCESS = NO;
				MACOSX_DEPLOYMENT_TARGET = 10.11;
				OTHER_LDFLAGS = "-ldaFlange";
				PRODUCT_BUNDLE_IDENTIFIER = com.wtfAudio.daFlange;
				PRODUCT_NAME = "daFlange";
				USE_HEADERMAP = NO;
			};
			name = Debug;
		};
		527AE269D92220D157518059 = {
			isa = XCBuildConfiguration;
			buildSettings = {
				CLANG_CXX_LANGUAGE_STANDARD = "c++14";
				CLANG_CXX_LIBRARY = "libc++";
				CLANG_LINK_OBJC_RUNTIME = NO;
				COMBINE_HIDPI_IMAGES = YES;
				CONFIGURATION_BUILD_DIR = "$(PROJECT_DIR)/build/$(CONFIGURATION)";
				DEAD_CODE_STRIPPING = YES;
				GCC_GENERATE_DEBUGGING_SYMBOLS = NO;
				GCC_OPTIMIZATION_LEVEL = 3;
				GCC_PREPROCESSOR_DEFINITIONS = (
					"_NDEBUG=1",
					"NDEBUG=1",
					"JUCER_XCODE_MAC_F6D2F4CF=1",
					"JUCE_APP_VERSION=1.0.0",
					"JUCE_APP_VERSION_HEX=0x10000",
					"JucePlugin_Build_VST=0",
					"JucePlugin_Build_VST3=0",
					"JucePlugin_Build_AU=0",
					"JucePlugin_Build_AUv3=0",
					"JucePlugin_Build_RTAS=0",
					"JucePlugin_Build_AAX=0",
					"JucePlugin_Build_Standalone=1",
					"JucePlugin_Build_Unity=0",
				);
				GCC_SYMBOLS_PRIVATE_EXTERN = YES;
				GCC_VERSION = com.apple.compilers.llvm.clang.1_0;
				HEADER_SEARCH_PATHS = (
					"/Applications/JUCE/modules/juce_audio_processors/format_types/VST3_SDK",
					"../../JuceLibraryCode",
					"/Applications/JUCE/modules",
					"/Applications/JUCE/modules/juce_audio_plugin_client",
					"$(inherited)",
				);
				INFOPLIST_FILE = Info-Standalone_Plugin.plist;
				INFOPLIST_PREPROCESS = NO;
				LLVM_LTO = YES;
				MACOSX_DEPLOYMENT_TARGET = 10.11;
				OTHER_LDFLAGS = "-ldaFlange";
				PRODUCT_BUNDLE_IDENTIFIER = com.wtfAudio.daFlange;
				PRODUCT_NAME = "daFlange";
				USE_HEADERMAP = NO;
			};
			name = Release;
		};
		A213797DA96D3A366C687FAD = {
			isa = XCBuildConfiguration;
			buildSettings = {
				CLANG_CXX_LANGUAGE_STANDARD = "c++14";
				CLANG_CXX_LIBRARY = "libc++";
				CLANG_LINK_OBJC_RUNTIME = NO;
				COMBINE_HIDPI_IMAGES = YES;
				CONFIGURATION_BUILD_DIR = "$(PROJECT_DIR)/build/$(CONFIGURATION)";
				COPY_PHASE_STRIP = NO;
				GCC_DYNAMIC_NO_PIC = NO;
				GCC_OPTIMIZATION_LEVEL = 0;
				GCC_PREPROCESSOR_DEFINITIONS = (
					"_DEBUG=1",
					"DEBUG=1",
					"JUCER_XCODE_MAC_F6D2F4CF=1",
					"JUCE_APP_VERSION=1.0.0",
					"JUCE_APP_VERSION_HEX=0x10000",
					"JucePlugin_Build_VST=0",
					"JucePlugin_Build_VST3=1",
					"JucePlugin_Build_AU=1",
					"JucePlugin_Build_AUv3=0",
					"JucePlugin_Build_RTAS=0",
					"JucePlugin_Build_AAX=0",
					"JucePlugin_Build_Standalone=1",
					"JucePlugin_Build_Unity=0",
					"JUCE_SHARED_CODE=1",
				);
				GCC_VERSION = com.apple.compilers.llvm.clang.1_0;
				HEADER_SEARCH_PATHS = (
					"/Applications/JUCE/modules/juce_audio_processors/format_types/VST3_SDK",
					"../../JuceLibraryCode",
					"/Applications/JUCE/modules",
					"/Applications/JUCE/modules/juce_audio_plugin_client",
					"$(inherited)",
				);
				INSTALL_PATH = "@executable_path/../Frameworks";
				MACOSX_DEPLOYMENT_TARGET = 10.11;
				PRODUCT_BUNDLE_IDENTIFIER = com.wtfAudio.daFlange;
				PRODUCT_NAME = "daFlange";
				SKIP_INSTALL = YES;
				USE_HEADERMAP = NO;
			};
			name = Debug;
		};
		D66F2D76B144702FA694B264 = {
			isa = XCBuildConfiguration;
			buildSettings = {
				CLANG_CXX_LANGUAGE_STANDARD = "c++14";
				CLANG_CXX_LIBRARY = "libc++";
				CLANG_LINK_OBJC_RUNTIME = NO;
				COMBINE_HIDPI_IMAGES = YES;
				CONFIGURATION_BUILD_DIR = "$(PROJECT_DIR)/build/$(CONFIGURATION)";
				DEAD_CODE_STRIPPING = YES;
				GCC_GENERATE_DEBUGGING_SYMBOLS = NO;
				GCC_OPTIMIZATION_LEVEL = 3;
				GCC_PREPROCESSOR_DEFINITIONS = (
					"_NDEBUG=1",
					"NDEBUG=1",
					"JUCER_XCODE_MAC_F6D2F4CF=1",
					"JUCE_APP_VERSION=1.0.0",
					"JUCE_APP_VERSION_HEX=0x10000",
					"JucePlugin_Build_VST=0",
					"JucePlugin_Build_VST3=1",
					"JucePlugin_Build_AU=1",
					"JucePlugin_Build_AUv3=0",
					"JucePlugin_Build_RTAS=0",
					"JucePlugin_Build_AAX=0",
					"JucePlugin_Build_Standalone=1",
					"JucePlugin_Build_Unity=0",
					"JUCE_SHARED_CODE=1",
				);
				GCC_SYMBOLS_PRIVATE_EXTERN = YES;
				GCC_VERSION = com.apple.compilers.llvm.clang.1_0;
				HEADER_SEARCH_PATHS = (
					"/Applications/JUCE/modules/juce_audio_processors/format_types/VST3_SDK",
					"../../JuceLibraryCode",
					"/Applications/JUCE/modules",
					"/Applications/JUCE/modules/juce_audio_plugin_client",
					"$(inherited)",
				);
				INSTALL_PATH = "@executable_path/../Frameworks";
				LLVM_LTO = YES;
				MACOSX_DEPLOYMENT_TARGET = 10.11;
				PRODUCT_BUNDLE_IDENTIFIER = com.wtfAudio.daFlange;
				PRODUCT_NAME = "daFlange";
				SKIP_INSTALL = YES;
				USE_HEADERMAP = NO;
			};
			name = Release;
		};
		F3889A682268374A0AB58BE2 = {
			isa = XCBuildConfiguration;
			buildSettings = {
				ALWAYS_SEARCH_USER_PATHS = NO;
				CLANG_ENABLE_OBJC_WEAK = YES;
				CLANG_WARN_BLOCK_CAPTURE_AUTORELEASING = YES;
				CLANG_WARN_BOOL_CONVERSION = YES;
				CLANG_WARN_COMMA = YES;
				CLANG_WARN_CONSTANT_CONVERSION = YES;
				CLANG_WARN_DEPRECATED_OBJC_IMPLEMENTATIONS = YES;
				CLANG_WARN_EMPTY_BODY = YES;
				CLANG_WARN_ENUM_CONVERSION = YES;
				CLANG_WARN_INFINITE_RECURSION = YES;
				CLANG_WARN_INT_CONVERSION = YES;
				CLANG_WARN_NON_LITERAL_NULL_CONVERSION = YES;
				CLANG_WARN_OBJC_IMPLICIT_RETAIN_SELF = YES;
				CLANG_WARN_OBJC_LITERAL_CONVERSION = YES;
				CLANG_WARN_RANGE_LOOP_ANALYSIS = YES;
				CLANG_WARN_STRICT_PROTOTYPES = YES;
				CLANG_WARN_SUSPICIOUS_MOVE = YES;
				CLANG_WARN_UNREACHABLE_CODE = YES;
				CLANG_WARN__DUPLICATE_METHOD_MATCH = YES;
				DEBUG_INFORMATION_FORMAT = dwarf;
				ENABLE_STRICT_OBJC_MSGSEND = YES;
				ENABLE_TESTABILITY = YES;
				GCC_C_LANGUAGE_STANDARD = c11;
				GCC_INLINES_ARE_PRIVATE_EXTERN = YES;
				GCC_MODEL_TUNING = G5;
				GCC_NO_COMMON_BLOCKS = YES;
				GCC_WARN_64_TO_32_BIT_CONVERSION = YES;
				GCC_WARN_ABOUT_RETURN_TYPE = YES;
				GCC_WARN_CHECK_SWITCH_STATEMENTS = YES;
				GCC_WARN_MISSING_PARENTHESES = YES;
				GCC_WARN_NON_VIRTUAL_DESTRUCTOR = YES;
				GCC_WARN_TYPECHECK_CALLS_TO_PRINTF = YES;
				GCC_WARN_UNDECLARED_SELECTOR = YES;
				GCC_WARN_UNINITIALIZED_AUTOS = YES;
				GCC_WARN_UNUSED_FUNCTION = YES;
				GCC_WARN_UNUSED_VARIABLE = YES;
				ONLY_ACTIVE_ARCH = YES;
				PRODUCT_NAME = "daFlange";
				WARNING_CFLAGS = "-Wreorder";
				ZERO_LINK = NO;
			};
			name = Debug;
		};
		C2DE8E206311C1E759CBB0FA = {
			isa = XCBuildConfiguration;
			buildSettings = {
				ALWAYS_SEARCH_USER_PATHS = NO;
				CLANG_ENABLE_OBJC_WEAK = YES;
				CLANG_WARN_BLOCK_CAPTURE_AUTORELEASING = YES;
				CLANG_WARN_BOOL_CONVERSION = YES;
				CLANG_WARN_COMMA = YES;
				CLANG_WARN_CONSTANT_CONVERSION = YES;
				CLANG_WARN_DEPRECATED_OBJC_IMPLEMENTATIONS = YES;
				CLANG_WARN_EMPTY_BODY = YES;
				CLANG_WARN_ENUM_CONVERSION = YES;
				CLANG_WARN_INFINITE_RECURSION = YES;
				CLANG_WARN_INT_CONVERSION = YES;
				CLANG_WARN_NON_LITERAL_NULL_CONVERSION = YES;
				CLANG_WARN_OBJC_IMPLICIT_RETAIN_SELF = YES;
				CLANG_WARN_OBJC_LITERAL_CONVERSION = YES;
				CLANG_WARN_RANGE_LOOP_ANALYSIS = YES;
				CLANG_WARN_STRICT_PROTOTYPES = YES;
				CLANG_WARN_SUSPICIOUS_MOVE = YES;
				CLANG_WARN_UNREACHABLE_CODE = YES;
				CLANG_WARN__DUPLICATE_METHOD_MATCH = YES;
				DEBUG_INFORMATION_FORMAT = dwarf;
				ENABLE_STRICT_OBJC_MSGSEND = YES;
				GCC_C_LANGUAGE_STANDARD = c11;
				GCC_INLINES_ARE_PRIVATE_EXTERN = YES;
				GCC_MODEL_TUNING = G5;
				GCC_NO_COMMON_BLOCKS = YES;
				GCC_WARN_64_TO_32_BIT_CONVERSION = YES;
				GCC_WARN_ABOUT_RETURN_TYPE = YES;
				GCC_WARN_CHECK_SWITCH_STATEMENTS = YES;
				GCC_WARN_MISSING_PARENTHESES = YES;
				GCC_WARN_NON_VIRTUAL_DESTRUCTOR = YES;
				GCC_WARN_TYPECHECK_CALLS_TO_PRINTF = YES;
				GCC_WARN_UNDECLARED_SELECTOR = YES;
				GCC_WARN_UNINITIALIZED_AUTOS = YES;
				GCC_WARN_UNUSED_FUNCTION = YES;
				GCC_WARN_UNUSED_VARIABLE = YES;
				PRODUCT_NAME = "daFlange";
				WARNING_CFLAGS = "-Wreorder";
				ZERO_LINK = NO;
			};
			name = Release;
		};
		5BCDCACEB2D3F8C7D968CF7A = {
			isa = PBXTargetDependency;
			target = 067E1A062A27EBE2F2DC8FE5;
		};
		543ABDC6FB4DB2218B975171 = {
			isa = PBXTargetDependency;
			target = 71013D4E443AA148781E5474;
		};
		DC6E4EBE1F3BA1EF033AD67D = {
			isa = PBXTargetDependency;
			target = B0F2D8538FE2F9980FC808CA;
		};
		945EBFFE20F834201E24DB2B = {
			isa = PBXTargetDependency;
			target = EC65A4923BA79C5DB9C44D5B;
		};
		BD52E865107253B482FEE0F1 = {
			isa = XCConfigurationList;
			buildConfigurations = (
				F3889A682268374A0AB58BE2,
				C2DE8E206311C1E759CBB0FA,
			);
			defaultConfigurationIsVisible = 0;
			defaultConfigurationName = Debug;
		};
		37F4A0F1D0487EFA3A9187AD = {
			isa = XCConfigurationList;
			buildConfigurations = (
				7F473CB9E9BFEB11C9FB8B6F,
				2463BF7A67C967004DCAEC83,
			);
			defaultConfigurationIsVisible = 0;
			defaultConfigurationName = Debug;
		};
		BDF23ED4F7914A806C35EFED = {
			isa = PBXAggregateTarget;
			buildConfigurationList = 37F4A0F1D0487EFA3A9187AD;
			buildPhases = ( );
			buildRules = ( );
			dependencies = (
				5BCDCACEB2D3F8C7D968CF7A,
				543ABDC6FB4DB2218B975171,
				DC6E4EBE1F3BA1EF033AD67D,
				945EBFFE20F834201E24DB2B,
			);
			name = "daFlange - All";
			productName = daFlange;
		};
		2855F3E34069D6B5241C7639 = {
			isa = XCConfigurationList;
			buildConfigurations = (
				5D09C57E68AE09BACE8F5F98,
				81E513B99618749A3AFA3A8C,
			);
			defaultConfigurationIsVisible = 0;
			defaultConfigurationName = Debug;
		};
		59C5A63DA781F155CB1A48FA = {
			isa = PBXResourcesBuildPhase;
			buildActionMask = 2147483647;
			files = (
				EF7619EEDE01A9EF28B019E8,
			);
			runOnlyForDeploymentPostprocessing = 0;
		};
		9FEFF2BD1A7F04791CBD5CFE = {
			isa = PBXSourcesBuildPhase;
			buildActionMask = 2147483647;
			files = (
				F227DC1E84B9CE5E3975870B,
			);
			runOnlyForDeploymentPostprocessing = 0;
		};
		3E44C41C1FB1016681D0CB0C = {
			isa = PBXFrameworksBuildPhase;
			buildActionMask = 2147483647;
			files = (
				1739314C00BEF7CB921EFAEB,
				70116EEE4760E9CFB3CE2E0A,
				8F07C26EDEC9CEC43DF631AA,
				EB16079970FF380FB27D3DC3,
				BA57625727B8C90E110E9088,
				A023ADA1718063877579B3BA,
				E711164FD93388C7414FD838,
				237AD9CF4F3B8C4E300EFED6,
				BFD07970426BC9E74D23C87C,
				DD877D8EAEF80602A5849FF5,
				1C75B1D10092F499E47F2CD1,
			);
			runOnlyForDeploymentPostprocessing = 0;
		};
		067E1A062A27EBE2F2DC8FE5 = {
			isa = PBXNativeTarget;
			buildConfigurationList = 2855F3E34069D6B5241C7639;
			buildPhases = (
				59C5A63DA781F155CB1A48FA,
				9FEFF2BD1A7F04791CBD5CFE,
				3E44C41C1FB1016681D0CB0C,
			);
			buildRules = ( );
			dependencies = (
				945EBFFE20F834201E24DB2B,
			);
			name = "daFlange - VST3";
			productName = daFlange;
			productReference = D06A027ED50515EBD2160443;
			productType = "com.apple.product-type.bundle";
		};
		3C3D7116873373336B30FAB0 = {
			isa = XCConfigurationList;
			buildConfigurations = (
				7B905726F093BF75B02D6F48,
				6610A60BF75415408AD6410E,
			);
			defaultConfigurationIsVisible = 0;
			defaultConfigurationName = Debug;
		};
		18D892C307012C36AEA0C41F = {
			isa = PBXResourcesBuildPhase;
			buildActionMask = 2147483647;
			files = (
				EF7619EEDE01A9EF28B019E8,
			);
			runOnlyForDeploymentPostprocessing = 0;
		};
		272060C43E9D7D9F1AD6750E = {
			isa = PBXRezBuildPhase;
			buildActionMask = 2147483647;
			files = (
				7ABE5D96303AC24160AE5044,
			);
			runOnlyForDeploymentPostprocessing = 0;
		};
		316853F8DFCCF759BE84BB51 = {
			isa = PBXSourcesBuildPhase;
			buildActionMask = 2147483647;
			files = (
				0C977B449C1A3B3784F0AF34,
				C41E88DE477AE6F423B910E7,
			);
			runOnlyForDeploymentPostprocessing = 0;
		};
		177FFA96C7A515F7CA3E8930 = {
			isa = PBXFrameworksBuildPhase;
			buildActionMask = 2147483647;
			files = (
				1739314C00BEF7CB921EFAEB,
				70116EEE4760E9CFB3CE2E0A,
				49E279729D7187FA65BF9187,
				8F07C26EDEC9CEC43DF631AA,
				EB16079970FF380FB27D3DC3,
				BA57625727B8C90E110E9088,
				E660D531539FC1E71861763A,
				A023ADA1718063877579B3BA,
				E711164FD93388C7414FD838,
				237AD9CF4F3B8C4E300EFED6,
				BFD07970426BC9E74D23C87C,
				DD877D8EAEF80602A5849FF5,
				1C75B1D10092F499E47F2CD1,
			);
			runOnlyForDeploymentPostprocessing = 0;
		};
		71013D4E443AA148781E5474 = {
			isa = PBXNativeTarget;
			buildConfigurationList = 3C3D7116873373336B30FAB0;
			buildPhases = (
				18D892C307012C36AEA0C41F,
				272060C43E9D7D9F1AD6750E,
				316853F8DFCCF759BE84BB51,
				177FFA96C7A515F7CA3E8930,
			);
			buildRules = ( );
			dependencies = (
				945EBFFE20F834201E24DB2B,
			);
			name = "daFlange - AU";
			productName = daFlange;
			productReference = 41840FDDB6B0A25F5A0C0F80;
			productType = "com.apple.product-type.bundle";
		};
		5391F63D9FA7E7A981A7832D = {
			isa = XCConfigurationList;
			buildConfigurations = (
				68F9AD1C27E63DA24F6B98F8,
				527AE269D92220D157518059,
			);
			defaultConfigurationIsVisible = 0;
			defaultConfigurationName = Debug;
		};
		C8B0ED8AA67C755B15B714A8 = {
			isa = PBXResourcesBuildPhase;
			buildActionMask = 2147483647;
			files = (
				EF7619EEDE01A9EF28B019E8,
			);
			runOnlyForDeploymentPostprocessing = 0;
		};
		A5F656D67A917FFE946A15CD = {
			isa = PBXSourcesBuildPhase;
			buildActionMask = 2147483647;
			files = (
				D770B59F77426F4D530430A7,
			);
			runOnlyForDeploymentPostprocessing = 0;
		};
		6A72E3699567A753B4496368 = {
			isa = PBXFrameworksBuildPhase;
			buildActionMask = 2147483647;
			files = (
				1739314C00BEF7CB921EFAEB,
				70116EEE4760E9CFB3CE2E0A,
				8F07C26EDEC9CEC43DF631AA,
				EB16079970FF380FB27D3DC3,
				BA57625727B8C90E110E9088,
				A023ADA1718063877579B3BA,
				E711164FD93388C7414FD838,
				237AD9CF4F3B8C4E300EFED6,
				BFD07970426BC9E74D23C87C,
				DD877D8EAEF80602A5849FF5,
				1C75B1D10092F499E47F2CD1,
			);
			runOnlyForDeploymentPostprocessing = 0;
		};
		B0F2D8538FE2F9980FC808CA = {
			isa = PBXNativeTarget;
			buildConfigurationList = 5391F63D9FA7E7A981A7832D;
			buildPhases = (
				C8B0ED8AA67C755B15B714A8,
				A5F656D67A917FFE946A15CD,
				6A72E3699567A753B4496368,
			);
			buildRules = ( );
			dependencies = (
				945EBFFE20F834201E24DB2B,
			);
			name = "daFlange - Standalone Plugin";
			productName = daFlange;
			productReference = 12164131E70BC1C2FE05DE6B;
			productType = "com.apple.product-type.application";
		};
		A49A835C2280B7754044FEBB = {
			isa = XCConfigurationList;
			buildConfigurations = (
				A213797DA96D3A366C687FAD,
				D66F2D76B144702FA694B264,
			);
			defaultConfigurationIsVisible = 0;
			defaultConfigurationName = Debug;
		};
		E230B92A82C731219D056EDE = {
			isa = PBXSourcesBuildPhase;
			buildActionMask = 2147483647;
			files = (
				7D4304D86F9E2BAF1D4EDDA9,
				ECC566B47AB7CFAF2536A369,
				6E4EF48B4288F41B3F789B72,
				F8F3C4869091387262E7A622,
				68D0A47EEA5C9FE372364F64,
				37D4A08E86BDBC2511F51DE9,
				200E890029EAFB839F52B985,
				88D24B44DEFEC7328A7E1F9B,
				A38261E3740B22F08A570417,
				9E1584F442877B3BC9F68535,
				9D53BA406D4AD9471089EAEE,
				BBA296AC4A5C1467E1C31810,
				CB0A21AF36EE2918895EF577,
				A9C40729CAF6FCE26DD58941,
				EF985387B3E5F9F68165267A,
				E56AD3248CC43032AA1C3CCC,
				C6762A0FBEE567ED1BD45E51,
			);
			runOnlyForDeploymentPostprocessing = 0;
		};
		EC65A4923BA79C5DB9C44D5B = {
			isa = PBXNativeTarget;
			buildConfigurationList = A49A835C2280B7754044FEBB;
			buildPhases = (
				E230B92A82C731219D056EDE,
			);
			buildRules = ( );
			dependencies = ( );
			name = "daFlange - Shared Code";
			productName = daFlange;
			productReference = 91236CB5FB486832AC4D4A24;
			productType = "com.apple.product-type.library.static";
		};
		C024C7FC203FC981283035C9 = {
			isa = PBXProject;
			buildConfigurationList = BD52E865107253B482FEE0F1;
			attributes = { LastUpgradeCheck = 1010; ORGANIZATIONNAME = "wtfAudio"; TargetAttributes = { BDF23ED4F7914A806C35EFED = { SystemCapabilities = {com.apple.ApplicationGroups.iOS = { enabled = 0; }; com.apple.InAppPurchase = { enabled = 0; }; com.apple.InterAppAudio = { enabled = 0; }; com.apple.Push = { enabled = 0; }; com.apple.Sandbox = { enabled = 0; }; com.apple.HardenedRuntime = { enabled = 0; }; }; };067E1A062A27EBE2F2DC8FE5 = { SystemCapabilities = {com.apple.ApplicationGroups.iOS = { enabled = 0; }; com.apple.InAppPurchase = { enabled = 0; }; com.apple.InterAppAudio = { enabled = 0; }; com.apple.Push = { enabled = 0; }; com.apple.Sandbox = { enabled = 0; }; com.apple.HardenedRuntime = { enabled = 0; }; }; };71013D4E443AA148781E5474 = { SystemCapabilities = {com.apple.ApplicationGroups.iOS = { enabled = 0; }; com.apple.InAppPurchase = { enabled = 0; }; com.apple.InterAppAudio = { enabled = 0; }; com.apple.Push = { enabled = 0; }; com.apple.Sandbox = { enabled = 0; }; com.apple.HardenedRuntime = { enabled = 0; }; }; };B0F2D8538FE2F9980FC808CA = { SystemCapabilities = {com.apple.ApplicationGroups.iOS = { enabled = 0; }; com.apple.InAppPurchase = { enabled = 0; }; com.apple.InterAppAudio = { enabled = 0; }; com.apple.Push = { enabled = 0; }; com.apple.Sandbox = { enabled = 0; }; com.apple.HardenedRuntime = { enabled = 0; }; }; };EC65A4923BA79C5DB9C44D5B = { SystemCapabilities = {com.apple.ApplicationGroups.iOS = { enabled = 0; }; com.apple.InAppPurchase = { enabled = 0; }; com.apple.InterAppAudio = { enabled = 0; }; com.apple.Push = { enabled = 0; }; com.apple.Sandbox = { enabled = 0; }; com.apple.HardenedRuntime = { enabled = 0; }; }; }; }; };
			compatibilityVersion = "Xcode 3.2";
			hasScannedForEncodings = 0;
			mainGroup = 288464BE41163E631AFC2858;
			projectDirPath = "";
			projectRoot = "";
			targets = (BDF23ED4F7914A806C35EFED, 067E1A062A27EBE2F2DC8FE5, 71013D4E443AA148781E5474, B0F2D8538FE2F9980FC808CA, EC65A4923BA79C5DB9C44D5B);
			knownRegions = (en, Base);
		};
	};
	rootObject = C024C7FC203FC981283035C9;
}
